
Microsoft Visual Studio Solution File, Format Version 12.00
# Visual Studio Version 17
VisualStudioVersion = 17.1.32210.238
MinimumVisualStudioVersion = 10.0.40219.1
Project("{FAE04EC0-301F-11D3-BF4B-00C04F79EFBC}") = "HCI_projekat", "HCI_projekat\HCI_projekat.csproj", "{207DB2B2-97A9-4734-956F-F0F69B48C149}"
EndProject
Global
	GlobalSection(SolutionConfigurationPlatforms) = preSolution
		Debug|Any CPU = Debug|Any CPU
		Release|Any CPU = Release|Any CPU
	EndGlobalSection
	GlobalSection(ProjectConfigurationPlatforms) = postSolution
		{207DB2B2-97A9-4734-956F-F0F69B48C149}.Debug|Any CPU.ActiveCfg = Debug|Any CPU
		{207DB2B2-97A9-4734-956F-F0F69B48C149}.Debug|Any CPU.Build.0 = Debug|Any CPU
		{207DB2B2-97A9-4734-956F-F0F69B48C149}.Release|Any CPU.ActiveCfg = Release|Any CPU
		{207DB2B2-97A9-4734-956F-F0F69B48C149}.Release|Any CPU.Build.0 = Release|Any CPU
	EndGlobalSection
	GlobalSection(SolutionProperties) = preSolution
		HideSolutionNode = FALSE
	EndGlobalSection
	GlobalSection(ExtensibilityGlobals) = postSolution
		SolutionGuid = {91EE53A5-EF23-422E-84BB-F8BC666464E5}
	EndGlobalSection
EndGlobal
